
Microsoft Visual Studio Solution File, Format Version 10.00
# Visual Studio 2008
Project("{8BC9CEB8-8B4A-11D0-8D11-00A0C91BC942}") = "1.1", "1.1\1.1.vcproj", "{A7657D47-28D5-4EC4-B39B-9402C9C7F105}"
EndProject
Project("{8BC9CEB8-8B4A-11D0-8D11-00A0C91BC942}") = "1.2", "1.2\1.2.vcproj", "{5CE5B4BD-6628-4395-A101-23B8F4C92C0F}"
EndProject
Project("{2150E333-8FDC-42A3-9474-1A3956D46DE8}") = "Ch1", "Ch1", "{5E5630BE-091A-4A68-9011-0A0D57237189}"
EndProject
Project("{8BC9CEB8-8B4A-11D0-8D11-00A0C91BC942}") = "1.3", "1.3\1.3.vcproj", "{E172EEC9-3312-4838-8634-7B17ABBA50D7}"
EndProject
Project("{8BC9CEB8-8B4A-11D0-8D11-00A0C91BC942}") = "1.4", "1.4\1.4.vcproj", "{FA78B4B8-FC90-4934-BB20-2DB45291FA90}"
EndProject
Project("{8BC9CEB8-8B4A-11D0-8D11-00A0C91BC942}") = "1.5", "1.5\1.5.vcproj", "{E0EC40DC-72F0-4239-9599-B94FCCCE431C}"
EndProject
Project("{8BC9CEB8-8B4A-11D0-8D11-00A0C91BC942}") = "1.6", "1.6\1.6.vcproj", "{47F132D4-7013-445A-AD9C-A5D65706E154}"
EndProject
Project("{8BC9CEB8-8B4A-11D0-8D11-00A0C91BC942}") = "1.7", "1.7\1.7.vcproj", "{606F9CC4-E6A6-4058-9019-8883F3E985A3}"
EndProject
Project("{8BC9CEB8-8B4A-11D0-8D11-00A0C91BC942}") = "1.8", "1.8\1.8.vcproj", "{82B08559-C3EC-4F7A-9768-72454303F5CE}"
EndProject
Project("{2150E333-8FDC-42A3-9474-1A3956D46DE8}") = "Ch2", "Ch2", "{77C37409-2016-4D33-ADCD-C9F356BF35E9}"
EndProject
Project("{8BC9CEB8-8B4A-11D0-8D11-00A0C91BC942}") = "2.1", "2.1\2.1.vcproj", "{2F7F3BDC-0C98-4623-BF4F-9625F6723F71}"
EndProject
Project("{8BC9CEB8-8B4A-11D0-8D11-00A0C91BC942}") = "2.2", "2.2\2.2.vcproj", "{BA960A45-A408-4C9F-9692-657ACF21FA2F}"
EndProject
Project("{2150E333-8FDC-42A3-9474-1A3956D46DE8}") = "common", "common", "{61C68B00-2AD9-4B18-B07A-8CFB3BC69C10}"
	ProjectSection(SolutionItems) = preProject
		common\BinaryTree.h = common\BinaryTree.h
		common\CompleteBinaryTree.h = common\CompleteBinaryTree.h
		common\LinkedListT.h = common\LinkedListT.h
		common\myQueue.h = common\myQueue.h
		common\myStack.h = common\myStack.h
	EndProjectSection
EndProject
Project("{8BC9CEB8-8B4A-11D0-8D11-00A0C91BC942}") = "2.3", "2.3\2.3.vcproj", "{F3A2C8E3-7520-426B-B385-3B2F7CCBDF38}"
EndProject
Project("{8BC9CEB8-8B4A-11D0-8D11-00A0C91BC942}") = "2.4", "2.4\2.4.vcproj", "{1D1DF104-9E05-4E74-A335-D1E4C18B968D}"
EndProject
Project("{8BC9CEB8-8B4A-11D0-8D11-00A0C91BC942}") = "2.5", "2.5\2.5.vcproj", "{4AF50E97-AC5B-453E-90D3-EC2D729A9794}"
EndProject
Project("{8BC9CEB8-8B4A-11D0-8D11-00A0C91BC942}") = "2.6", "2.6\2.6.vcproj", "{561E8300-D71C-4A43-A2A0-7D89C94764E6}"
EndProject
Project("{2150E333-8FDC-42A3-9474-1A3956D46DE8}") = "Ch3", "Ch3", "{87F1401C-3313-4109-B8BA-019DC7CDFD4B}"
EndProject
Project("{8BC9CEB8-8B4A-11D0-8D11-00A0C91BC942}") = "2.7", "2.7\2.7.vcproj", "{FEC42DC1-CCCC-4039-81CB-B4B3557F9751}"
EndProject
Project("{8BC9CEB8-8B4A-11D0-8D11-00A0C91BC942}") = "3.0", "3.0\3.0.vcproj", "{7B74C0BB-508B-4757-B6F4-B6C89C205709}"
EndProject
Project("{8BC9CEB8-8B4A-11D0-8D11-00A0C91BC942}") = "3.1", "3.1\3.1.vcproj", "{E9D53FBD-BF09-459C-AF52-E789777264D0}"
EndProject
Project("{8BC9CEB8-8B4A-11D0-8D11-00A0C91BC942}") = "3.2", "3.2\3.2.vcproj", "{61DFD489-B1A0-44D0-AA90-871F0492F5E6}"
EndProject
Project("{8BC9CEB8-8B4A-11D0-8D11-00A0C91BC942}") = "3.3", "3.3\3.3.vcproj", "{851FBEA5-CDE2-45A9-823E-6006668311F6}"
EndProject
Project("{8BC9CEB8-8B4A-11D0-8D11-00A0C91BC942}") = "3.5", "3.5\3.5.vcproj", "{0B67C29F-287E-4622-84CC-32809B97ED5C}"
EndProject
Project("{8BC9CEB8-8B4A-11D0-8D11-00A0C91BC942}") = "3.6", "3.6\3.6.vcproj", "{08276E56-0245-458E-AC98-91A0E0789641}"
EndProject
Project("{2150E333-8FDC-42A3-9474-1A3956D46DE8}") = "Ch4", "Ch4", "{B84DC8CB-962C-44CD-A6D8-9FA638CD327D}"
EndProject
Project("{8BC9CEB8-8B4A-11D0-8D11-00A0C91BC942}") = "4.1", "4.1\4.1.vcproj", "{7AB04481-6584-438F-B39B-35AD42B92233}"
EndProject
Project("{8BC9CEB8-8B4A-11D0-8D11-00A0C91BC942}") = "4.3", "4.3\4.3.vcproj", "{38C3250E-257B-4F6A-8044-4AB49311EEF8}"
EndProject
Project("{8BC9CEB8-8B4A-11D0-8D11-00A0C91BC942}") = "4.0", "4.0\4.0.vcproj", "{73C3FDB3-7389-4AF0-B12B-17A547F7C352}"
EndProject
Project("{8BC9CEB8-8B4A-11D0-8D11-00A0C91BC942}") = "4.4", "4.4\4.4.vcproj", "{27CFB508-FF01-45C4-B13C-7EBF7F30D40F}"
EndProject
Project("{8BC9CEB8-8B4A-11D0-8D11-00A0C91BC942}") = "4.5", "4.5\4.5.vcproj", "{E83E78B4-F624-454A-B835-DBAB88BB7598}"
EndProject
Project("{8BC9CEB8-8B4A-11D0-8D11-00A0C91BC942}") = "4.6", "4.6\4.6.vcproj", "{1DC50B3B-E114-4A34-A71E-59C273EE5C8D}"
EndProject
Project("{8BC9CEB8-8B4A-11D0-8D11-00A0C91BC942}") = "4.7", "4.7\4.7.vcproj", "{3AF6FBA2-E9DC-4CC2-84F4-295EBE49D5D0}"
EndProject
Project("{8BC9CEB8-8B4A-11D0-8D11-00A0C91BC942}") = "4.2", "4.2\4.2.vcproj", "{FA20CBCB-0166-4667-BE00-022E5E7C9C8E}"
EndProject
Project("{2150E333-8FDC-42A3-9474-1A3956D46DE8}") = "Interviews", "Interviews", "{3C1570D3-D9E2-4522-AE57-134B1E845443}"
EndProject
Project("{8BC9CEB8-8B4A-11D0-8D11-00A0C91BC942}") = "Serialize", "Serialize\Serialize.vcproj", "{4081F486-BCCB-49BA-91BC-A379C5421990}"
EndProject
Project("{8BC9CEB8-8B4A-11D0-8D11-00A0C91BC942}") = "Singleton", "Singleton\Singleton.vcproj", "{E6C0E6B5-8172-468C-9914-47D2D0610EA1}"
EndProject
Project("{8BC9CEB8-8B4A-11D0-8D11-00A0C91BC942}") = "Careercup", "Careercup\Careercup.vcproj", "{A0298C03-6FDA-4F2C-907C-3446BAD33F60}"
EndProject
Project("{8BC9CEB8-8B4A-11D0-8D11-00A0C91BC942}") = "BitManipulation", "BitManipulation\BitManipulation.vcproj", "{265359E8-0B4E-4717-B75E-8723FD4FEDFB}"
EndProject
Project("{8BC9CEB8-8B4A-11D0-8D11-00A0C91BC942}") = "Heaps", "heaps\heaps.vcproj", "{2230295F-2A1D-4B3C-B00A-E67160DC184D}"
EndProject
Project("{8BC9CEB8-8B4A-11D0-8D11-00A0C91BC942}") = "CompleteBinaryTree", "CompleteBinaryTree\CompleteBinaryTree.vcproj", "{690F412C-79C5-4C36-84CB-28077FA9E420}"
EndProject
Project("{8BC9CEB8-8B4A-11D0-8D11-00A0C91BC942}") = "struct", "struct\struct.vcproj", "{2FDCEC2B-60A2-4775-A7D6-55ACD3470D7A}"
EndProject
Project("{2150E333-8FDC-42A3-9474-1A3956D46DE8}") = "Ch5", "Ch5", "{CA1CD3B8-BD24-4C21-9FF0-C3736D4C677A}"
EndProject
Project("{8BC9CEB8-8B4A-11D0-8D11-00A0C91BC942}") = "5.1", "5.1\5.1.vcproj", "{6AFBAF5C-209C-4438-8B29-CE5884024EBD}"
EndProject
Project("{8BC9CEB8-8B4A-11D0-8D11-00A0C91BC942}") = "5.2", "5.2\5.2.vcproj", "{5A1D0BA1-1F91-4961-8FC3-24D5267292A8}"
EndProject
Project("{8BC9CEB8-8B4A-11D0-8D11-00A0C91BC942}") = "5.5", "5.5\5.5.vcproj", "{BCAA7CD4-6FFD-481B-84B7-5D0B3D798ACC}"
EndProject
Project("{8BC9CEB8-8B4A-11D0-8D11-00A0C91BC942}") = "5.6", "5.6\5.6.vcproj", "{CBFBBC3E-2D12-4A8F-B3E9-EB1EA015901F}"
EndProject
Project("{8BC9CEB8-8B4A-11D0-8D11-00A0C91BC942}") = "5.4", "5.4\5.4.vcproj", "{94E4D004-8739-446D-85E1-C8DE0067F490}"
EndProject
Project("{8BC9CEB8-8B4A-11D0-8D11-00A0C91BC942}") = "5.3", "5.3\5.3.vcproj", "{876D94E3-62E7-4E06-B3F5-5DAEB2DF8667}"
EndProject
Project("{8BC9CEB8-8B4A-11D0-8D11-00A0C91BC942}") = "3.4", "3.4\3.4.vcproj", "{EED0059A-8AC7-4EE1-9D84-94B3984443D6}"
EndProject
Project("{8BC9CEB8-8B4A-11D0-8D11-00A0C91BC942}") = "4.8", "4.8\4.8.vcproj", "{C3EE01A0-C4D7-4670-A484-CCA0BED2B003}"
EndProject
Project("{8BC9CEB8-8B4A-11D0-8D11-00A0C91BC942}") = "4.9", "4.9\4.9.vcproj", "{6FDD2215-10F1-42EE-A56A-D210E703196B}"
EndProject
Global
	GlobalSection(SolutionConfigurationPlatforms) = preSolution
		Debug|Win32 = Debug|Win32
		Release|Win32 = Release|Win32
	EndGlobalSection
	GlobalSection(ProjectConfigurationPlatforms) = postSolution
		{A7657D47-28D5-4EC4-B39B-9402C9C7F105}.Debug|Win32.ActiveCfg = Debug|Win32
		{A7657D47-28D5-4EC4-B39B-9402C9C7F105}.Debug|Win32.Build.0 = Debug|Win32
		{A7657D47-28D5-4EC4-B39B-9402C9C7F105}.Release|Win32.ActiveCfg = Release|Win32
		{A7657D47-28D5-4EC4-B39B-9402C9C7F105}.Release|Win32.Build.0 = Release|Win32
		{5CE5B4BD-6628-4395-A101-23B8F4C92C0F}.Debug|Win32.ActiveCfg = Debug|Win32
		{5CE5B4BD-6628-4395-A101-23B8F4C92C0F}.Debug|Win32.Build.0 = Debug|Win32
		{5CE5B4BD-6628-4395-A101-23B8F4C92C0F}.Release|Win32.ActiveCfg = Release|Win32
		{5CE5B4BD-6628-4395-A101-23B8F4C92C0F}.Release|Win32.Build.0 = Release|Win32
		{E172EEC9-3312-4838-8634-7B17ABBA50D7}.Debug|Win32.ActiveCfg = Debug|Win32
		{E172EEC9-3312-4838-8634-7B17ABBA50D7}.Debug|Win32.Build.0 = Debug|Win32
		{E172EEC9-3312-4838-8634-7B17ABBA50D7}.Release|Win32.ActiveCfg = Release|Win32
		{E172EEC9-3312-4838-8634-7B17ABBA50D7}.Release|Win32.Build.0 = Release|Win32
		{FA78B4B8-FC90-4934-BB20-2DB45291FA90}.Debug|Win32.ActiveCfg = Debug|Win32
		{FA78B4B8-FC90-4934-BB20-2DB45291FA90}.Debug|Win32.Build.0 = Debug|Win32
		{FA78B4B8-FC90-4934-BB20-2DB45291FA90}.Release|Win32.ActiveCfg = Release|Win32
		{FA78B4B8-FC90-4934-BB20-2DB45291FA90}.Release|Win32.Build.0 = Release|Win32
		{E0EC40DC-72F0-4239-9599-B94FCCCE431C}.Debug|Win32.ActiveCfg = Debug|Win32
		{E0EC40DC-72F0-4239-9599-B94FCCCE431C}.Debug|Win32.Build.0 = Debug|Win32
		{E0EC40DC-72F0-4239-9599-B94FCCCE431C}.Release|Win32.ActiveCfg = Release|Win32
		{E0EC40DC-72F0-4239-9599-B94FCCCE431C}.Release|Win32.Build.0 = Release|Win32
		{47F132D4-7013-445A-AD9C-A5D65706E154}.Debug|Win32.ActiveCfg = Debug|Win32
		{47F132D4-7013-445A-AD9C-A5D65706E154}.Debug|Win32.Build.0 = Debug|Win32
		{47F132D4-7013-445A-AD9C-A5D65706E154}.Release|Win32.ActiveCfg = Release|Win32
		{47F132D4-7013-445A-AD9C-A5D65706E154}.Release|Win32.Build.0 = Release|Win32
		{606F9CC4-E6A6-4058-9019-8883F3E985A3}.Debug|Win32.ActiveCfg = Debug|Win32
		{606F9CC4-E6A6-4058-9019-8883F3E985A3}.Debug|Win32.Build.0 = Debug|Win32
		{606F9CC4-E6A6-4058-9019-8883F3E985A3}.Release|Win32.ActiveCfg = Release|Win32
		{606F9CC4-E6A6-4058-9019-8883F3E985A3}.Release|Win32.Build.0 = Release|Win32
		{82B08559-C3EC-4F7A-9768-72454303F5CE}.Debug|Win32.ActiveCfg = Debug|Win32
		{82B08559-C3EC-4F7A-9768-72454303F5CE}.Debug|Win32.Build.0 = Debug|Win32
		{82B08559-C3EC-4F7A-9768-72454303F5CE}.Release|Win32.ActiveCfg = Release|Win32
		{82B08559-C3EC-4F7A-9768-72454303F5CE}.Release|Win32.Build.0 = Release|Win32
		{2F7F3BDC-0C98-4623-BF4F-9625F6723F71}.Debug|Win32.ActiveCfg = Debug|Win32
		{2F7F3BDC-0C98-4623-BF4F-9625F6723F71}.Debug|Win32.Build.0 = Debug|Win32
		{2F7F3BDC-0C98-4623-BF4F-9625F6723F71}.Release|Win32.ActiveCfg = Release|Win32
		{2F7F3BDC-0C98-4623-BF4F-9625F6723F71}.Release|Win32.Build.0 = Release|Win32
		{BA960A45-A408-4C9F-9692-657ACF21FA2F}.Debug|Win32.ActiveCfg = Debug|Win32
		{BA960A45-A408-4C9F-9692-657ACF21FA2F}.Debug|Win32.Build.0 = Debug|Win32
		{BA960A45-A408-4C9F-9692-657ACF21FA2F}.Release|Win32.ActiveCfg = Release|Win32
		{BA960A45-A408-4C9F-9692-657ACF21FA2F}.Release|Win32.Build.0 = Release|Win32
		{F3A2C8E3-7520-426B-B385-3B2F7CCBDF38}.Debug|Win32.ActiveCfg = Debug|Win32
		{F3A2C8E3-7520-426B-B385-3B2F7CCBDF38}.Debug|Win32.Build.0 = Debug|Win32
		{F3A2C8E3-7520-426B-B385-3B2F7CCBDF38}.Release|Win32.ActiveCfg = Release|Win32
		{F3A2C8E3-7520-426B-B385-3B2F7CCBDF38}.Release|Win32.Build.0 = Release|Win32
		{1D1DF104-9E05-4E74-A335-D1E4C18B968D}.Debug|Win32.ActiveCfg = Debug|Win32
		{1D1DF104-9E05-4E74-A335-D1E4C18B968D}.Debug|Win32.Build.0 = Debug|Win32
		{1D1DF104-9E05-4E74-A335-D1E4C18B968D}.Release|Win32.ActiveCfg = Release|Win32
		{1D1DF104-9E05-4E74-A335-D1E4C18B968D}.Release|Win32.Build.0 = Release|Win32
		{4AF50E97-AC5B-453E-90D3-EC2D729A9794}.Debug|Win32.ActiveCfg = Debug|Win32
		{4AF50E97-AC5B-453E-90D3-EC2D729A9794}.Debug|Win32.Build.0 = Debug|Win32
		{4AF50E97-AC5B-453E-90D3-EC2D729A9794}.Release|Win32.ActiveCfg = Release|Win32
		{4AF50E97-AC5B-453E-90D3-EC2D729A9794}.Release|Win32.Build.0 = Release|Win32
		{561E8300-D71C-4A43-A2A0-7D89C94764E6}.Debug|Win32.ActiveCfg = Debug|Win32
		{561E8300-D71C-4A43-A2A0-7D89C94764E6}.Debug|Win32.Build.0 = Debug|Win32
		{561E8300-D71C-4A43-A2A0-7D89C94764E6}.Release|Win32.ActiveCfg = Release|Win32
		{561E8300-D71C-4A43-A2A0-7D89C94764E6}.Release|Win32.Build.0 = Release|Win32
		{FEC42DC1-CCCC-4039-81CB-B4B3557F9751}.Debug|Win32.ActiveCfg = Debug|Win32
		{FEC42DC1-CCCC-4039-81CB-B4B3557F9751}.Debug|Win32.Build.0 = Debug|Win32
		{FEC42DC1-CCCC-4039-81CB-B4B3557F9751}.Release|Win32.ActiveCfg = Release|Win32
		{FEC42DC1-CCCC-4039-81CB-B4B3557F9751}.Release|Win32.Build.0 = Release|Win32
		{7B74C0BB-508B-4757-B6F4-B6C89C205709}.Debug|Win32.ActiveCfg = Debug|Win32
		{7B74C0BB-508B-4757-B6F4-B6C89C205709}.Debug|Win32.Build.0 = Debug|Win32
		{7B74C0BB-508B-4757-B6F4-B6C89C205709}.Release|Win32.ActiveCfg = Release|Win32
		{7B74C0BB-508B-4757-B6F4-B6C89C205709}.Release|Win32.Build.0 = Release|Win32
		{E9D53FBD-BF09-459C-AF52-E789777264D0}.Debug|Win32.ActiveCfg = Debug|Win32
		{E9D53FBD-BF09-459C-AF52-E789777264D0}.Debug|Win32.Build.0 = Debug|Win32
		{E9D53FBD-BF09-459C-AF52-E789777264D0}.Release|Win32.ActiveCfg = Release|Win32
		{E9D53FBD-BF09-459C-AF52-E789777264D0}.Release|Win32.Build.0 = Release|Win32
		{61DFD489-B1A0-44D0-AA90-871F0492F5E6}.Debug|Win32.ActiveCfg = Debug|Win32
		{61DFD489-B1A0-44D0-AA90-871F0492F5E6}.Debug|Win32.Build.0 = Debug|Win32
		{61DFD489-B1A0-44D0-AA90-871F0492F5E6}.Release|Win32.ActiveCfg = Release|Win32
		{61DFD489-B1A0-44D0-AA90-871F0492F5E6}.Release|Win32.Build.0 = Release|Win32
		{851FBEA5-CDE2-45A9-823E-6006668311F6}.Debug|Win32.ActiveCfg = Debug|Win32
		{851FBEA5-CDE2-45A9-823E-6006668311F6}.Debug|Win32.Build.0 = Debug|Win32
		{851FBEA5-CDE2-45A9-823E-6006668311F6}.Release|Win32.ActiveCfg = Release|Win32
		{851FBEA5-CDE2-45A9-823E-6006668311F6}.Release|Win32.Build.0 = Release|Win32
		{0B67C29F-287E-4622-84CC-32809B97ED5C}.Debug|Win32.ActiveCfg = Debug|Win32
		{0B67C29F-287E-4622-84CC-32809B97ED5C}.Debug|Win32.Build.0 = Debug|Win32
		{0B67C29F-287E-4622-84CC-32809B97ED5C}.Release|Win32.ActiveCfg = Release|Win32
		{0B67C29F-287E-4622-84CC-32809B97ED5C}.Release|Win32.Build.0 = Release|Win32
		{08276E56-0245-458E-AC98-91A0E0789641}.Debug|Win32.ActiveCfg = Debug|Win32
		{08276E56-0245-458E-AC98-91A0E0789641}.Debug|Win32.Build.0 = Debug|Win32
		{08276E56-0245-458E-AC98-91A0E0789641}.Release|Win32.ActiveCfg = Release|Win32
		{08276E56-0245-458E-AC98-91A0E0789641}.Release|Win32.Build.0 = Release|Win32
		{7AB04481-6584-438F-B39B-35AD42B92233}.Debug|Win32.ActiveCfg = Debug|Win32
		{7AB04481-6584-438F-B39B-35AD42B92233}.Debug|Win32.Build.0 = Debug|Win32
		{7AB04481-6584-438F-B39B-35AD42B92233}.Release|Win32.ActiveCfg = Release|Win32
		{7AB04481-6584-438F-B39B-35AD42B92233}.Release|Win32.Build.0 = Release|Win32
		{38C3250E-257B-4F6A-8044-4AB49311EEF8}.Debug|Win32.ActiveCfg = Debug|Win32
		{38C3250E-257B-4F6A-8044-4AB49311EEF8}.Debug|Win32.Build.0 = Debug|Win32
		{38C3250E-257B-4F6A-8044-4AB49311EEF8}.Release|Win32.ActiveCfg = Release|Win32
		{38C3250E-257B-4F6A-8044-4AB49311EEF8}.Release|Win32.Build.0 = Release|Win32
		{73C3FDB3-7389-4AF0-B12B-17A547F7C352}.Debug|Win32.ActiveCfg = Debug|Win32
		{73C3FDB3-7389-4AF0-B12B-17A547F7C352}.Debug|Win32.Build.0 = Debug|Win32
		{73C3FDB3-7389-4AF0-B12B-17A547F7C352}.Release|Win32.ActiveCfg = Release|Win32
		{73C3FDB3-7389-4AF0-B12B-17A547F7C352}.Release|Win32.Build.0 = Release|Win32
		{27CFB508-FF01-45C4-B13C-7EBF7F30D40F}.Debug|Win32.ActiveCfg = Debug|Win32
		{27CFB508-FF01-45C4-B13C-7EBF7F30D40F}.Debug|Win32.Build.0 = Debug|Win32
		{27CFB508-FF01-45C4-B13C-7EBF7F30D40F}.Release|Win32.ActiveCfg = Release|Win32
		{27CFB508-FF01-45C4-B13C-7EBF7F30D40F}.Release|Win32.Build.0 = Release|Win32
		{E83E78B4-F624-454A-B835-DBAB88BB7598}.Debug|Win32.ActiveCfg = Debug|Win32
		{E83E78B4-F624-454A-B835-DBAB88BB7598}.Debug|Win32.Build.0 = Debug|Win32
		{E83E78B4-F624-454A-B835-DBAB88BB7598}.Release|Win32.ActiveCfg = Release|Win32
		{E83E78B4-F624-454A-B835-DBAB88BB7598}.Release|Win32.Build.0 = Release|Win32
		{1DC50B3B-E114-4A34-A71E-59C273EE5C8D}.Debug|Win32.ActiveCfg = Debug|Win32
		{1DC50B3B-E114-4A34-A71E-59C273EE5C8D}.Debug|Win32.Build.0 = Debug|Win32
		{1DC50B3B-E114-4A34-A71E-59C273EE5C8D}.Release|Win32.ActiveCfg = Release|Win32
		{1DC50B3B-E114-4A34-A71E-59C273EE5C8D}.Release|Win32.Build.0 = Release|Win32
		{3AF6FBA2-E9DC-4CC2-84F4-295EBE49D5D0}.Debug|Win32.ActiveCfg = Debug|Win32
		{3AF6FBA2-E9DC-4CC2-84F4-295EBE49D5D0}.Debug|Win32.Build.0 = Debug|Win32
		{3AF6FBA2-E9DC-4CC2-84F4-295EBE49D5D0}.Release|Win32.ActiveCfg = Release|Win32
		{3AF6FBA2-E9DC-4CC2-84F4-295EBE49D5D0}.Release|Win32.Build.0 = Release|Win32
		{FA20CBCB-0166-4667-BE00-022E5E7C9C8E}.Debug|Win32.ActiveCfg = Debug|Win32
		{FA20CBCB-0166-4667-BE00-022E5E7C9C8E}.Debug|Win32.Build.0 = Debug|Win32
		{FA20CBCB-0166-4667-BE00-022E5E7C9C8E}.Release|Win32.ActiveCfg = Release|Win32
		{FA20CBCB-0166-4667-BE00-022E5E7C9C8E}.Release|Win32.Build.0 = Release|Win32
		{4081F486-BCCB-49BA-91BC-A379C5421990}.Debug|Win32.ActiveCfg = Debug|Win32
		{4081F486-BCCB-49BA-91BC-A379C5421990}.Debug|Win32.Build.0 = Debug|Win32
		{4081F486-BCCB-49BA-91BC-A379C5421990}.Release|Win32.ActiveCfg = Release|Win32
		{4081F486-BCCB-49BA-91BC-A379C5421990}.Release|Win32.Build.0 = Release|Win32
		{E6C0E6B5-8172-468C-9914-47D2D0610EA1}.Debug|Win32.ActiveCfg = Debug|Win32
		{E6C0E6B5-8172-468C-9914-47D2D0610EA1}.Debug|Win32.Build.0 = Debug|Win32
		{E6C0E6B5-8172-468C-9914-47D2D0610EA1}.Release|Win32.ActiveCfg = Release|Win32
		{E6C0E6B5-8172-468C-9914-47D2D0610EA1}.Release|Win32.Build.0 = Release|Win32
		{A0298C03-6FDA-4F2C-907C-3446BAD33F60}.Debug|Win32.ActiveCfg = Debug|Win32
		{A0298C03-6FDA-4F2C-907C-3446BAD33F60}.Debug|Win32.Build.0 = Debug|Win32
		{A0298C03-6FDA-4F2C-907C-3446BAD33F60}.Release|Win32.ActiveCfg = Release|Win32
		{A0298C03-6FDA-4F2C-907C-3446BAD33F60}.Release|Win32.Build.0 = Release|Win32
		{265359E8-0B4E-4717-B75E-8723FD4FEDFB}.Debug|Win32.ActiveCfg = Debug|Win32
		{265359E8-0B4E-4717-B75E-8723FD4FEDFB}.Debug|Win32.Build.0 = Debug|Win32
		{265359E8-0B4E-4717-B75E-8723FD4FEDFB}.Release|Win32.ActiveCfg = Release|Win32
		{265359E8-0B4E-4717-B75E-8723FD4FEDFB}.Release|Win32.Build.0 = Release|Win32
		{2230295F-2A1D-4B3C-B00A-E67160DC184D}.Debug|Win32.ActiveCfg = Debug|Win32
		{2230295F-2A1D-4B3C-B00A-E67160DC184D}.Debug|Win32.Build.0 = Debug|Win32
		{2230295F-2A1D-4B3C-B00A-E67160DC184D}.Release|Win32.ActiveCfg = Release|Win32
		{2230295F-2A1D-4B3C-B00A-E67160DC184D}.Release|Win32.Build.0 = Release|Win32
		{690F412C-79C5-4C36-84CB-28077FA9E420}.Debug|Win32.ActiveCfg = Debug|Win32
		{690F412C-79C5-4C36-84CB-28077FA9E420}.Debug|Win32.Build.0 = Debug|Win32
		{690F412C-79C5-4C36-84CB-28077FA9E420}.Release|Win32.ActiveCfg = Release|Win32
		{690F412C-79C5-4C36-84CB-28077FA9E420}.Release|Win32.Build.0 = Release|Win32
		{8105CD6E-DF16-422B-973A-D9CE4486AEF4}.Debug|Win32.ActiveCfg = Debug|Win32
		{8105CD6E-DF16-422B-973A-D9CE4486AEF4}.Debug|Win32.Build.0 = Debug|Win32
		{8105CD6E-DF16-422B-973A-D9CE4486AEF4}.Release|Win32.ActiveCfg = Release|Win32
		{8105CD6E-DF16-422B-973A-D9CE4486AEF4}.Release|Win32.Build.0 = Release|Win32
		{2FDCEC2B-60A2-4775-A7D6-55ACD3470D7A}.Debug|Win32.ActiveCfg = Debug|Win32
		{2FDCEC2B-60A2-4775-A7D6-55ACD3470D7A}.Debug|Win32.Build.0 = Debug|Win32
		{2FDCEC2B-60A2-4775-A7D6-55ACD3470D7A}.Release|Win32.ActiveCfg = Release|Win32
		{2FDCEC2B-60A2-4775-A7D6-55ACD3470D7A}.Release|Win32.Build.0 = Release|Win32
		{6AFBAF5C-209C-4438-8B29-CE5884024EBD}.Debug|Win32.ActiveCfg = Debug|Win32
		{6AFBAF5C-209C-4438-8B29-CE5884024EBD}.Debug|Win32.Build.0 = Debug|Win32
		{6AFBAF5C-209C-4438-8B29-CE5884024EBD}.Release|Win32.ActiveCfg = Release|Win32
		{6AFBAF5C-209C-4438-8B29-CE5884024EBD}.Release|Win32.Build.0 = Release|Win32
		{5A1D0BA1-1F91-4961-8FC3-24D5267292A8}.Debug|Win32.ActiveCfg = Debug|Win32
		{5A1D0BA1-1F91-4961-8FC3-24D5267292A8}.Debug|Win32.Build.0 = Debug|Win32
		{5A1D0BA1-1F91-4961-8FC3-24D5267292A8}.Release|Win32.ActiveCfg = Release|Win32
		{5A1D0BA1-1F91-4961-8FC3-24D5267292A8}.Release|Win32.Build.0 = Release|Win32
		{BCAA7CD4-6FFD-481B-84B7-5D0B3D798ACC}.Debug|Win32.ActiveCfg = Debug|Win32
		{BCAA7CD4-6FFD-481B-84B7-5D0B3D798ACC}.Debug|Win32.Build.0 = Debug|Win32
		{BCAA7CD4-6FFD-481B-84B7-5D0B3D798ACC}.Release|Win32.ActiveCfg = Release|Win32
		{BCAA7CD4-6FFD-481B-84B7-5D0B3D798ACC}.Release|Win32.Build.0 = Release|Win32
		{CBFBBC3E-2D12-4A8F-B3E9-EB1EA015901F}.Debug|Win32.ActiveCfg = Debug|Win32
		{CBFBBC3E-2D12-4A8F-B3E9-EB1EA015901F}.Debug|Win32.Build.0 = Debug|Win32
		{CBFBBC3E-2D12-4A8F-B3E9-EB1EA015901F}.Release|Win32.ActiveCfg = Release|Win32
		{CBFBBC3E-2D12-4A8F-B3E9-EB1EA015901F}.Release|Win32.Build.0 = Release|Win32
		{94E4D004-8739-446D-85E1-C8DE0067F490}.Debug|Win32.ActiveCfg = Debug|Win32
		{94E4D004-8739-446D-85E1-C8DE0067F490}.Debug|Win32.Build.0 = Debug|Win32
		{94E4D004-8739-446D-85E1-C8DE0067F490}.Release|Win32.ActiveCfg = Release|Win32
		{94E4D004-8739-446D-85E1-C8DE0067F490}.Release|Win32.Build.0 = Release|Win32
		{876D94E3-62E7-4E06-B3F5-5DAEB2DF8667}.Debug|Win32.ActiveCfg = Debug|Win32
		{876D94E3-62E7-4E06-B3F5-5DAEB2DF8667}.Debug|Win32.Build.0 = Debug|Win32
		{876D94E3-62E7-4E06-B3F5-5DAEB2DF8667}.Release|Win32.ActiveCfg = Release|Win32
		{876D94E3-62E7-4E06-B3F5-5DAEB2DF8667}.Release|Win32.Build.0 = Release|Win32
		{EED0059A-8AC7-4EE1-9D84-94B3984443D6}.Debug|Win32.ActiveCfg = Debug|Win32
		{EED0059A-8AC7-4EE1-9D84-94B3984443D6}.Debug|Win32.Build.0 = Debug|Win32
		{EED0059A-8AC7-4EE1-9D84-94B3984443D6}.Release|Win32.ActiveCfg = Release|Win32
		{EED0059A-8AC7-4EE1-9D84-94B3984443D6}.Release|Win32.Build.0 = Release|Win32
		{C3EE01A0-C4D7-4670-A484-CCA0BED2B003}.Debug|Win32.ActiveCfg = Debug|Win32
		{C3EE01A0-C4D7-4670-A484-CCA0BED2B003}.Debug|Win32.Build.0 = Debug|Win32
		{C3EE01A0-C4D7-4670-A484-CCA0BED2B003}.Release|Win32.ActiveCfg = Release|Win32
		{C3EE01A0-C4D7-4670-A484-CCA0BED2B003}.Release|Win32.Build.0 = Release|Win32
		{6FDD2215-10F1-42EE-A56A-D210E703196B}.Debug|Win32.ActiveCfg = Debug|Win32
		{6FDD2215-10F1-42EE-A56A-D210E703196B}.Debug|Win32.Build.0 = Debug|Win32
		{6FDD2215-10F1-42EE-A56A-D210E703196B}.Release|Win32.ActiveCfg = Release|Win32
		{6FDD2215-10F1-42EE-A56A-D210E703196B}.Release|Win32.Build.0 = Release|Win32
		{5075928C-F80F-4FDB-9F9E-3A0A45BC4026}.Debug|Win32.ActiveCfg = Debug|Win32
		{5075928C-F80F-4FDB-9F9E-3A0A45BC4026}.Debug|Win32.Build.0 = Debug|Win32
		{5075928C-F80F-4FDB-9F9E-3A0A45BC4026}.Release|Win32.ActiveCfg = Release|Win32
		{5075928C-F80F-4FDB-9F9E-3A0A45BC4026}.Release|Win32.Build.0 = Release|Win32
	EndGlobalSection
	GlobalSection(SolutionProperties) = preSolution
		HideSolutionNode = FALSE
	EndGlobalSection
	GlobalSection(NestedProjects) = preSolution
		{5CE5B4BD-6628-4395-A101-23B8F4C92C0F} = {5E5630BE-091A-4A68-9011-0A0D57237189}
		{A7657D47-28D5-4EC4-B39B-9402C9C7F105} = {5E5630BE-091A-4A68-9011-0A0D57237189}
		{E172EEC9-3312-4838-8634-7B17ABBA50D7} = {5E5630BE-091A-4A68-9011-0A0D57237189}
		{FA78B4B8-FC90-4934-BB20-2DB45291FA90} = {5E5630BE-091A-4A68-9011-0A0D57237189}
		{E0EC40DC-72F0-4239-9599-B94FCCCE431C} = {5E5630BE-091A-4A68-9011-0A0D57237189}
		{47F132D4-7013-445A-AD9C-A5D65706E154} = {5E5630BE-091A-4A68-9011-0A0D57237189}
		{606F9CC4-E6A6-4058-9019-8883F3E985A3} = {5E5630BE-091A-4A68-9011-0A0D57237189}
		{82B08559-C3EC-4F7A-9768-72454303F5CE} = {5E5630BE-091A-4A68-9011-0A0D57237189}
		{2F7F3BDC-0C98-4623-BF4F-9625F6723F71} = {77C37409-2016-4D33-ADCD-C9F356BF35E9}
		{BA960A45-A408-4C9F-9692-657ACF21FA2F} = {77C37409-2016-4D33-ADCD-C9F356BF35E9}
		{F3A2C8E3-7520-426B-B385-3B2F7CCBDF38} = {77C37409-2016-4D33-ADCD-C9F356BF35E9}
		{1D1DF104-9E05-4E74-A335-D1E4C18B968D} = {77C37409-2016-4D33-ADCD-C9F356BF35E9}
		{4AF50E97-AC5B-453E-90D3-EC2D729A9794} = {77C37409-2016-4D33-ADCD-C9F356BF35E9}
		{561E8300-D71C-4A43-A2A0-7D89C94764E6} = {77C37409-2016-4D33-ADCD-C9F356BF35E9}
		{FEC42DC1-CCCC-4039-81CB-B4B3557F9751} = {77C37409-2016-4D33-ADCD-C9F356BF35E9}
		{7B74C0BB-508B-4757-B6F4-B6C89C205709} = {87F1401C-3313-4109-B8BA-019DC7CDFD4B}
		{E9D53FBD-BF09-459C-AF52-E789777264D0} = {87F1401C-3313-4109-B8BA-019DC7CDFD4B}
		{61DFD489-B1A0-44D0-AA90-871F0492F5E6} = {87F1401C-3313-4109-B8BA-019DC7CDFD4B}
		{851FBEA5-CDE2-45A9-823E-6006668311F6} = {87F1401C-3313-4109-B8BA-019DC7CDFD4B}
		{0B67C29F-287E-4622-84CC-32809B97ED5C} = {87F1401C-3313-4109-B8BA-019DC7CDFD4B}
		{08276E56-0245-458E-AC98-91A0E0789641} = {87F1401C-3313-4109-B8BA-019DC7CDFD4B}
		{EED0059A-8AC7-4EE1-9D84-94B3984443D6} = {87F1401C-3313-4109-B8BA-019DC7CDFD4B}
		{7AB04481-6584-438F-B39B-35AD42B92233} = {B84DC8CB-962C-44CD-A6D8-9FA638CD327D}
		{38C3250E-257B-4F6A-8044-4AB49311EEF8} = {B84DC8CB-962C-44CD-A6D8-9FA638CD327D}
		{73C3FDB3-7389-4AF0-B12B-17A547F7C352} = {B84DC8CB-962C-44CD-A6D8-9FA638CD327D}
		{27CFB508-FF01-45C4-B13C-7EBF7F30D40F} = {B84DC8CB-962C-44CD-A6D8-9FA638CD327D}
		{E83E78B4-F624-454A-B835-DBAB88BB7598} = {B84DC8CB-962C-44CD-A6D8-9FA638CD327D}
		{1DC50B3B-E114-4A34-A71E-59C273EE5C8D} = {B84DC8CB-962C-44CD-A6D8-9FA638CD327D}
		{3AF6FBA2-E9DC-4CC2-84F4-295EBE49D5D0} = {B84DC8CB-962C-44CD-A6D8-9FA638CD327D}
		{FA20CBCB-0166-4667-BE00-022E5E7C9C8E} = {B84DC8CB-962C-44CD-A6D8-9FA638CD327D}
		{C3EE01A0-C4D7-4670-A484-CCA0BED2B003} = {B84DC8CB-962C-44CD-A6D8-9FA638CD327D}
		{6FDD2215-10F1-42EE-A56A-D210E703196B} = {B84DC8CB-962C-44CD-A6D8-9FA638CD327D}
		{4081F486-BCCB-49BA-91BC-A379C5421990} = {3C1570D3-D9E2-4522-AE57-134B1E845443}
		{E6C0E6B5-8172-468C-9914-47D2D0610EA1} = {3C1570D3-D9E2-4522-AE57-134B1E845443}
		{A0298C03-6FDA-4F2C-907C-3446BAD33F60} = {3C1570D3-D9E2-4522-AE57-134B1E845443}
		{265359E8-0B4E-4717-B75E-8723FD4FEDFB} = {3C1570D3-D9E2-4522-AE57-134B1E845443}
		{2230295F-2A1D-4B3C-B00A-E67160DC184D} = {3C1570D3-D9E2-4522-AE57-134B1E845443}
		{690F412C-79C5-4C36-84CB-28077FA9E420} = {3C1570D3-D9E2-4522-AE57-134B1E845443}
		{8105CD6E-DF16-422B-973A-D9CE4486AEF4} = {3C1570D3-D9E2-4522-AE57-134B1E845443}
		{2FDCEC2B-60A2-4775-A7D6-55ACD3470D7A} = {3C1570D3-D9E2-4522-AE57-134B1E845443}
		{5075928C-F80F-4FDB-9F9E-3A0A45BC4026} = {3C1570D3-D9E2-4522-AE57-134B1E845443}
		{6AFBAF5C-209C-4438-8B29-CE5884024EBD} = {CA1CD3B8-BD24-4C21-9FF0-C3736D4C677A}
		{5A1D0BA1-1F91-4961-8FC3-24D5267292A8} = {CA1CD3B8-BD24-4C21-9FF0-C3736D4C677A}
		{BCAA7CD4-6FFD-481B-84B7-5D0B3D798ACC} = {CA1CD3B8-BD24-4C21-9FF0-C3736D4C677A}
		{CBFBBC3E-2D12-4A8F-B3E9-EB1EA015901F} = {CA1CD3B8-BD24-4C21-9FF0-C3736D4C677A}
		{94E4D004-8739-446D-85E1-C8DE0067F490} = {CA1CD3B8-BD24-4C21-9FF0-C3736D4C677A}
		{876D94E3-62E7-4E06-B3F5-5DAEB2DF8667} = {CA1CD3B8-BD24-4C21-9FF0-C3736D4C677A}
	EndGlobalSection
EndGlobal
